
Microsoft Visual Studio Solution File, Format Version 12.00
# Visual Studio Version 17
VisualStudioVersion = 17.4.33213.308
MinimumVisualStudioVersion = 10.0.40219.1
Project("{FAE04EC0-301F-11D3-BF4B-00C04F79EFBC}") = "bookStore", "bookStore\bookStore.csproj", "{4AB6C4AC-EDFB-4B4C-BD53-C65C86AFDA47}"
EndProject
Global
	GlobalSection(SolutionConfigurationPlatforms) = preSolution
		Debug|Any CPU = Debug|Any CPU
		Release|Any CPU = Release|Any CPU
	EndGlobalSection
	GlobalSection(ProjectConfigurationPlatforms) = postSolution
		{4AB6C4AC-EDFB-4B4C-BD53-C65C86AFDA47}.Debug|Any CPU.ActiveCfg = Debug|Any CPU
		{4AB6C4AC-EDFB-4B4C-BD53-C65C86AFDA47}.Debug|Any CPU.Build.0 = Debug|Any CPU
		{4AB6C4AC-EDFB-4B4C-BD53-C65C86AFDA47}.Release|Any CPU.ActiveCfg = Release|Any CPU
		{4AB6C4AC-EDFB-4B4C-BD53-C65C86AFDA47}.Release|Any CPU.Build.0 = Release|Any CPU
	EndGlobalSection
	GlobalSection(SolutionProperties) = preSolution
		HideSolutionNode = FALSE
	EndGlobalSection
	GlobalSection(ExtensibilityGlobals) = postSolution
		SolutionGuid = {CD1A58D8-24EE-4E3B-9AB4-54B6E24B18BB}
	EndGlobalSection
EndGlobal
